
Microsoft Visual Studio Solution File, Format Version 12.00
# Visual Studio Version 17
VisualStudioVersion = 17.9.34728.123
MinimumVisualStudioVersion = 10.0.40219.1
Project("{9A19103F-16F7-4668-BE54-9A1E7A4F7556}") = "Pontozo", "Pontozo\Pontozo.csproj", "{B88ED5B7-7B99-46E2-A307-F23DDB322DEF}"
EndProject
Project("{FAE04EC0-301F-11D3-BF4B-00C04F79EFBC}") = "Pontozo.Teszt", "Pontozo.Teszt\Pontozo.Teszt.csproj", "{1114A4FD-0E2E-480D-B9CE-0433BCEDDAFD}"
EndProject
Global
	GlobalSection(SolutionConfigurationPlatforms) = preSolution
		Debug|Any CPU = Debug|Any CPU
		Release|Any CPU = Release|Any CPU
	EndGlobalSection
	GlobalSection(ProjectConfigurationPlatforms) = postSolution
		{B88ED5B7-7B99-46E2-A307-F23DDB322DEF}.Debug|Any CPU.ActiveCfg = Debug|Any CPU
		{B88ED5B7-7B99-46E2-A307-F23DDB322DEF}.Debug|Any CPU.Build.0 = Debug|Any CPU
		{B88ED5B7-7B99-46E2-A307-F23DDB322DEF}.Debug|Any CPU.Deploy.0 = Debug|Any CPU
		{B88ED5B7-7B99-46E2-A307-F23DDB322DEF}.Release|Any CPU.ActiveCfg = Release|Any CPU
		{B88ED5B7-7B99-46E2-A307-F23DDB322DEF}.Release|Any CPU.Build.0 = Release|Any CPU
		{B88ED5B7-7B99-46E2-A307-F23DDB322DEF}.Release|Any CPU.Deploy.0 = Release|Any CPU
		{1114A4FD-0E2E-480D-B9CE-0433BCEDDAFD}.Debug|Any CPU.ActiveCfg = Debug|Any CPU
		{1114A4FD-0E2E-480D-B9CE-0433BCEDDAFD}.Debug|Any CPU.Build.0 = Debug|Any CPU
		{1114A4FD-0E2E-480D-B9CE-0433BCEDDAFD}.Release|Any CPU.ActiveCfg = Release|Any CPU
		{1114A4FD-0E2E-480D-B9CE-0433BCEDDAFD}.Release|Any CPU.Build.0 = Release|Any CPU
	EndGlobalSection
	GlobalSection(SolutionProperties) = preSolution
		HideSolutionNode = FALSE
	EndGlobalSection
	GlobalSection(ExtensibilityGlobals) = postSolution
		SolutionGuid = {8D461DCD-ED14-45CA-804A-C1DAFD91BFF7}
	EndGlobalSection
EndGlobal
